// !$*UTF8*$!
{
	archiveVersion = 1;
	classes = {
	};
	objectVersion = 46;
	objects = {

/* Begin PBXBuildFile section */
		09F17EFC1C21F15100464614 /* AppDelegate.swift in Sources */ = {isa = PBXBuildFile; fileRef = 09F17EFB1C21F15100464614 /* AppDelegate.swift */; };
		09F17EFE1C21F15100464614 /* ViewController.swift in Sources */ = {isa = PBXBuildFile; fileRef = 09F17EFD1C21F15100464614 /* ViewController.swift */; };
		09F17F011C21F15100464614 /* Main.storyboard in Resources */ = {isa = PBXBuildFile; fileRef = 09F17EFF1C21F15100464614 /* Main.storyboard */; };
		09F17F041C21F15100464614 /* Instagram_Clone_v2.xcdatamodeld in Sources */ = {isa = PBXBuildFile; fileRef = 09F17F021C21F15100464614 /* Instagram_Clone_v2.xcdatamodeld */; };
		09F17F061C21F15100464614 /* Assets.xcassets in Resources */ = {isa = PBXBuildFile; fileRef = 09F17F051C21F15100464614 /* Assets.xcassets */; };
		09F17F091C21F15100464614 /* LaunchScreen.storyboard in Resources */ = {isa = PBXBuildFile; fileRef = 09F17F071C21F15100464614 /* LaunchScreen.storyboard */; };
		09F17F181C21F26600464614 /* Bolts.framework in Frameworks */ = {isa = PBXBuildFile; fileRef = 09F17F161C21F26600464614 /* Bolts.framework */; };
		09F17F191C21F26600464614 /* Parse.framework in Frameworks */ = {isa = PBXBuildFile; fileRef = 09F17F171C21F26600464614 /* Parse.framework */; };
		09F17F1C1C21F29B00464614 /* AudioToolbox.framework in Frameworks */ = {isa = PBXBuildFile; fileRef = 09F17F1B1C21F29B00464614 /* AudioToolbox.framework */; };
		09F17F1E1C21F2A000464614 /* CFNetwork.framework in Frameworks */ = {isa = PBXBuildFile; fileRef = 09F17F1D1C21F2A000464614 /* CFNetwork.framework */; };
		09F17F201C21F2AC00464614 /* CoreGraphics.framework in Frameworks */ = {isa = PBXBuildFile; fileRef = 09F17F1F1C21F2AC00464614 /* CoreGraphics.framework */; };
		09F17F221C21F2B500464614 /* CoreLocation.framework in Frameworks */ = {isa = PBXBuildFile; fileRef = 09F17F211C21F2B500464614 /* CoreLocation.framework */; };
		09F17F241C21F2BB00464614 /* QuartzCore.framework in Frameworks */ = {isa = PBXBuildFile; fileRef = 09F17F231C21F2BB00464614 /* QuartzCore.framework */; };
		09F17F261C21F2C100464614 /* Security.framework in Frameworks */ = {isa = PBXBuildFile; fileRef = 09F17F251C21F2C100464614 /* Security.framework */; };
		09F17F281C21F2C600464614 /* StoreKit.framework in Frameworks */ = {isa = PBXBuildFile; fileRef = 09F17F271C21F2C600464614 /* StoreKit.framework */; };
		09F17F2A1C21F2D500464614 /* SystemConfiguration.framework in Frameworks */ = {isa = PBXBuildFile; fileRef = 09F17F291C21F2D500464614 /* SystemConfiguration.framework */; };
		09F17F2C1C21F2E000464614 /* libz.tbd in Frameworks */ = {isa = PBXBuildFile; fileRef = 09F17F2B1C21F2E000464614 /* libz.tbd */; };
		09F17F2E1C21F2E800464614 /* libsqlite3.tbd in Frameworks */ = {isa = PBXBuildFile; fileRef = 09F17F2D1C21F2E800464614 /* libsqlite3.tbd */; };
		09F17F301C21F6D800464614 /* UsersTableViewController.swift in Sources */ = {isa = PBXBuildFile; fileRef = 09F17F2F1C21F6D800464614 /* UsersTableViewController.swift */; };
		09F17F321C21FC4B00464614 /* PostImageViewController.swift in Sources */ = {isa = PBXBuildFile; fileRef = 09F17F311C21FC4B00464614 /* PostImageViewController.swift */; };
		09F17F341C220F1000464614 /* PhotoStreamCellTableViewCell.swift in Sources */ = {isa = PBXBuildFile; fileRef = 09F17F331C220F1000464614 /* PhotoStreamCellTableViewCell.swift */; };
		09F17F361C220FF100464614 /* StreamTableViewController.swift in Sources */ = {isa = PBXBuildFile; fileRef = 09F17F351C220FF100464614 /* StreamTableViewController.swift */; };
		09F17F381C2210B500464614 /* dog.jpg in Resources */ = {isa = PBXBuildFile; fileRef = 09F17F371C2210B500464614 /* dog.jpg */; };
		09F17F3A1C22146F00464614 /* QueriedStreamUser.swift in Sources */ = {isa = PBXBuildFile; fileRef = 09F17F391C22146F00464614 /* QueriedStreamUser.swift */; };
/* End PBXBuildFile section */

/* Begin PBXFileReference section */
		09F17EF81C21F15100464614 /* Instagram Clone v2.app */ = {isa = PBXFileReference; explicitFileType = wrapper.application; includeInIndex = 0; path = "Instagram Clone v2.app"; sourceTree = BUILT_PRODUCTS_DIR; };
		09F17EFB1C21F15100464614 /* AppDelegate.swift */ = {isa = PBXFileReference; lastKnownFileType = sourcecode.swift; path = AppDelegate.swift; sourceTree = "<group>"; };
		09F17EFD1C21F15100464614 /* ViewController.swift */ = {isa = PBXFileReference; lastKnownFileType = sourcecode.swift; path = ViewController.swift; sourceTree = "<group>"; };
		09F17F001C21F15100464614 /* Base */ = {isa = PBXFileReference; lastKnownFileType = file.storyboard; name = Base; path = Base.lproj/Main.storyboard; sourceTree = "<group>"; };
		09F17F031C21F15100464614 /* Instagram_Clone_v2.xcdatamodel */ = {isa = PBXFileReference; lastKnownFileType = wrapper.xcdatamodel; path = Instagram_Clone_v2.xcdatamodel; sourceTree = "<group>"; };
		09F17F051C21F15100464614 /* Assets.xcassets */ = {isa = PBXFileReference; lastKnownFileType = folder.assetcatalog; path = Assets.xcassets; sourceTree = "<group>"; };
		09F17F081C21F15100464614 /* Base */ = {isa = PBXFileReference; lastKnownFileType = file.storyboard; name = Base; path = Base.lproj/LaunchScreen.storyboard; sourceTree = "<group>"; };
		09F17F0A1C21F15100464614 /* Info.plist */ = {isa = PBXFileReference; lastKnownFileType = text.plist.xml; path = Info.plist; sourceTree = "<group>"; };
		09F17F161C21F26600464614 /* Bolts.framework */ = {isa = PBXFileReference; lastKnownFileType = wrapper.framework; path = Bolts.framework; sourceTree = "<group>"; };
		09F17F171C21F26600464614 /* Parse.framework */ = {isa = PBXFileReference; lastKnownFileType = wrapper.framework; path = Parse.framework; sourceTree = "<group>"; };
		09F17F1B1C21F29B00464614 /* AudioToolbox.framework */ = {isa = PBXFileReference; lastKnownFileType = wrapper.framework; name = AudioToolbox.framework; path = System/Library/Frameworks/AudioToolbox.framework; sourceTree = SDKROOT; };
		09F17F1D1C21F2A000464614 /* CFNetwork.framework */ = {isa = PBXFileReference; lastKnownFileType = wrapper.framework; name = CFNetwork.framework; path = System/Library/Frameworks/CFNetwork.framework; sourceTree = SDKROOT; };
		09F17F1F1C21F2AC00464614 /* CoreGraphics.framework */ = {isa = PBXFileReference; lastKnownFileType = wrapper.framework; name = CoreGraphics.framework; path = System/Library/Frameworks/CoreGraphics.framework; sourceTree = SDKROOT; };
		09F17F211C21F2B500464614 /* CoreLocation.framework */ = {isa = PBXFileReference; lastKnownFileType = wrapper.framework; name = CoreLocation.framework; path = System/Library/Frameworks/CoreLocation.framework; sourceTree = SDKROOT; };
		09F17F231C21F2BB00464614 /* QuartzCore.framework */ = {isa = PBXFileReference; lastKnownFileType = wrapper.framework; name = QuartzCore.framework; path = System/Library/Frameworks/QuartzCore.framework; sourceTree = SDKROOT; };
		09F17F251C21F2C100464614 /* Security.framework */ = {isa = PBXFileReference; lastKnownFileType = wrapper.framework; name = Security.framework; path = System/Library/Frameworks/Security.framework; sourceTree = SDKROOT; };
		09F17F271C21F2C600464614 /* StoreKit.framework */ = {isa = PBXFileReference; lastKnownFileType = wrapper.framework; name = StoreKit.framework; path = System/Library/Frameworks/StoreKit.framework; sourceTree = SDKROOT; };
		09F17F291C21F2D500464614 /* SystemConfiguration.framework */ = {isa = PBXFileReference; lastKnownFileType = wrapper.framework; name = SystemConfiguration.framework; path = System/Library/Frameworks/SystemConfiguration.framework; sourceTree = SDKROOT; };
		09F17F2B1C21F2E000464614 /* libz.tbd */ = {isa = PBXFileReference; lastKnownFileType = "sourcecode.text-based-dylib-definition"; name = libz.tbd; path = usr/lib/libz.tbd; sourceTree = SDKROOT; };
		09F17F2D1C21F2E800464614 /* libsqlite3.tbd */ = {isa = PBXFileReference; lastKnownFileType = "sourcecode.text-based-dylib-definition"; name = libsqlite3.tbd; path = usr/lib/libsqlite3.tbd; sourceTree = SDKROOT; };
		09F17F2F1C21F6D800464614 /* UsersTableViewController.swift */ = {isa = PBXFileReference; fileEncoding = 4; lastKnownFileType = sourcecode.swift; path = UsersTableViewController.swift; sourceTree = "<group>"; };
		09F17F311C21FC4B00464614 /* PostImageViewController.swift */ = {isa = PBXFileReference; fileEncoding = 4; lastKnownFileType = sourcecode.swift; path = PostImageViewController.swift; sourceTree = "<group>"; };
		09F17F331C220F1000464614 /* PhotoStreamCellTableViewCell.swift */ = {isa = PBXFileReference; fileEncoding = 4; lastKnownFileType = sourcecode.swift; path = PhotoStreamCellTableViewCell.swift; sourceTree = "<group>"; };
		09F17F351C220FF100464614 /* StreamTableViewController.swift */ = {isa = PBXFileReference; fileEncoding = 4; lastKnownFileType = sourcecode.swift; path = StreamTableViewController.swift; sourceTree = "<group>"; };
		09F17F371C2210B500464614 /* dog.jpg */ = {isa = PBXFileReference; lastKnownFileType = image.jpeg; path = dog.jpg; sourceTree = "<group>"; };
		09F17F391C22146F00464614 /* QueriedStreamUser.swift */ = {isa = PBXFileReference; fileEncoding = 4; lastKnownFileType = sourcecode.swift; path = QueriedStreamUser.swift; sourceTree = "<group>"; };
/* End PBXFileReference section */

/* Begin PBXFrameworksBuildPhase section */
		09F17EF51C21F15100464614 /* Frameworks */ = {
			isa = PBXFrameworksBuildPhase;
			buildActionMask = 2147483647;
			files = (
				09F17F2E1C21F2E800464614 /* libsqlite3.tbd in Frameworks */,
				09F17F2C1C21F2E000464614 /* libz.tbd in Frameworks */,
				09F17F2A1C21F2D500464614 /* SystemConfiguration.framework in Frameworks */,
				09F17F281C21F2C600464614 /* StoreKit.framework in Frameworks */,
				09F17F261C21F2C100464614 /* Security.framework in Frameworks */,
				09F17F241C21F2BB00464614 /* QuartzCore.framework in Frameworks */,
				09F17F221C21F2B500464614 /* CoreLocation.framework in Frameworks */,
				09F17F201C21F2AC00464614 /* CoreGraphics.framework in Frameworks */,
				09F17F1E1C21F2A000464614 /* CFNetwork.framework in Frameworks */,
				09F17F1C1C21F29B00464614 /* AudioToolbox.framework in Frameworks */,
				09F17F191C21F26600464614 /* Parse.framework in Frameworks */,
				09F17F181C21F26600464614 /* Bolts.framework in Frameworks */,
			);
			runOnlyForDeploymentPostprocessing = 0;
		};
/* End PBXFrameworksBuildPhase section */

/* Begin PBXGroup section */
		09F17EEF1C21F15100464614 = {
			isa = PBXGroup;
			children = (
				09F17EFA1C21F15100464614 /* Instagram Clone v2 */,
				09F17EF91C21F15100464614 /* Products */,
				09F17F1A1C21F26E00464614 /* Frameworks */,
			);
			sourceTree = "<group>";
		};
		09F17EF91C21F15100464614 /* Products */ = {
			isa = PBXGroup;
			children = (
				09F17EF81C21F15100464614 /* Instagram Clone v2.app */,
			);
			name = Products;
			sourceTree = "<group>";
		};
		09F17EFA1C21F15100464614 /* Instagram Clone v2 */ = {
			isa = PBXGroup;
			children = (
				09F17F371C2210B500464614 /* dog.jpg */,
				09F17EFB1C21F15100464614 /* AppDelegate.swift */,
				09F17EFD1C21F15100464614 /* ViewController.swift */,
				09F17F2F1C21F6D800464614 /* UsersTableViewController.swift */,
				09F17F311C21FC4B00464614 /* PostImageViewController.swift */,
				09F17F351C220FF100464614 /* StreamTableViewController.swift */,
				09F17F331C220F1000464614 /* PhotoStreamCellTableViewCell.swift */,
				09F17F391C22146F00464614 /* QueriedStreamUser.swift */,
				09F17EFF1C21F15100464614 /* Main.storyboard */,
				09F17F051C21F15100464614 /* Assets.xcassets */,
				09F17F071C21F15100464614 /* LaunchScreen.storyboard */,
				09F17F0A1C21F15100464614 /* Info.plist */,
				09F17F021C21F15100464614 /* Instagram_Clone_v2.xcdatamodeld */,
			);
			path = "Instagram Clone v2";
			sourceTree = "<group>";
		};
		09F17F1A1C21F26E00464614 /* Frameworks */ = {
			isa = PBXGroup;
			children = (
				09F17F2D1C21F2E800464614 /* libsqlite3.tbd */,
				09F17F2B1C21F2E000464614 /* libz.tbd */,
				09F17F291C21F2D500464614 /* SystemConfiguration.framework */,
				09F17F271C21F2C600464614 /* StoreKit.framework */,
				09F17F251C21F2C100464614 /* Security.framework */,
				09F17F231C21F2BB00464614 /* QuartzCore.framework */,
				09F17F211C21F2B500464614 /* CoreLocation.framework */,
				09F17F1F1C21F2AC00464614 /* CoreGraphics.framework */,
				09F17F1D1C21F2A000464614 /* CFNetwork.framework */,
				09F17F1B1C21F29B00464614 /* AudioToolbox.framework */,
				09F17F161C21F26600464614 /* Bolts.framework */,
				09F17F171C21F26600464614 /* Parse.framework */,
			);
			name = Frameworks;
			sourceTree = "<group>";
		};
/* End PBXGroup section */

/* Begin PBXNativeTarget section */
		09F17EF71C21F15100464614 /* Instagram Clone v2 */ = {
			isa = PBXNativeTarget;
			buildConfigurationList = 09F17F0D1C21F15100464614 /* Build configuration list for PBXNativeTarget "Instagram Clone v2" */;
			buildPhases = (
				09F17EF41C21F15100464614 /* Sources */,
				09F17EF51C21F15100464614 /* Frameworks */,
				09F17EF61C21F15100464614 /* Resources */,
			);
			buildRules = (
			);
			dependencies = (
			);
			name = "Instagram Clone v2";
			productName = "Instagram Clone v2";
			productReference = 09F17EF81C21F15100464614 /* Instagram Clone v2.app */;
			productType = "com.apple.product-type.application";
		};
/* End PBXNativeTarget section */

/* Begin PBXProject section */
		09F17EF01C21F15100464614 /* Project object */ = {
			isa = PBXProject;
			attributes = {
				LastSwiftUpdateCheck = 0720;
				LastUpgradeCheck = 0720;
				ORGANIZATIONNAME = nuapps;
				TargetAttributes = {
					09F17EF71C21F15100464614 = {
						CreatedOnToolsVersion = 7.2;
					};
				};
			};
			buildConfigurationList = 09F17EF31C21F15100464614 /* Build configuration list for PBXProject "Instagram Clone v2" */;
			compatibilityVersion = "Xcode 3.2";
			developmentRegion = English;
			hasScannedForEncodings = 0;
			knownRegions = (
				en,
				Base,
			);
			mainGroup = 09F17EEF1C21F15100464614;
			productRefGroup = 09F17EF91C21F15100464614 /* Products */;
			projectDirPath = "";
			projectRoot = "";
			targets = (
				09F17EF71C21F15100464614 /* Instagram Clone v2 */,
			);
		};
/* End PBXProject section */

/* Begin PBXResourcesBuildPhase section */
		09F17EF61C21F15100464614 /* Resources */ = {
			isa = PBXResourcesBuildPhase;
			buildActionMask = 2147483647;
			files = (
				09F17F381C2210B500464614 /* dog.jpg in Resources */,
				09F17F091C21F15100464614 /* LaunchScreen.storyboard in Resources */,
				09F17F061C21F15100464614 /* Assets.xcassets in Resources */,
				09F17F011C21F15100464614 /* Main.storyboard in Resources */,
			);
			runOnlyForDeploymentPostprocessing = 0;
		};
/* End PBXResourcesBuildPhase section */

/* Begin PBXSourcesBuildPhase section */
		09F17EF41C21F15100464614 /* Sources */ = {
			isa = PBXSourcesBuildPhase;
			buildActionMask = 2147483647;
			files = (
				09F17F361C220FF100464614 /* StreamTableViewController.swift in Sources */,
				09F17F341C220F1000464614 /* PhotoStreamCellTableViewCell.swift in Sources */,
				09F17F321C21FC4B00464614 /* PostImageViewController.swift in Sources */,
				09F17EFE1C21F15100464614 /* ViewController.swift in Sources */,
				09F17F3A1C22146F00464614 /* QueriedStreamUser.swift in Sources */,
				09F17F041C21F15100464614 /* Instagram_Clone_v2.xcdatamodeld in Sources */,
				09F17F301C21F6D800464614 /* UsersTableViewController.swift in Sources */,
				09F17EFC1C21F15100464614 /* AppDelegate.swift in Sources */,
			);
			runOnlyForDeploymentPostprocessing = 0;
		};
/* End PBXSourcesBuildPhase section */

/* Begin PBXVariantGroup section */
		09F17EFF1C21F15100464614 /* Main.storyboard */ = {
			isa = PBXVariantGroup;
			children = (
				09F17F001C21F15100464614 /* Base */,
			);
			name = Main.storyboard;
			sourceTree = "<group>";
		};
		09F17F071C21F15100464614 /* LaunchScreen.storyboard */ = {
			isa = PBXVariantGroup;
			children = (
				09F17F081C21F15100464614 /* Base */,
			);
			name = LaunchScreen.storyboard;
			sourceTree = "<group>";
		};
/* End PBXVariantGroup section */

/* Begin XCBuildConfiguration section */
		09F17F0B1C21F15100464614 /* Debug */ = {
			isa = XCBuildConfiguration;
			buildSettings = {
				ALWAYS_SEARCH_USER_PATHS = NO;
				CLANG_CXX_LANGUAGE_STANDARD = "gnu++0x";
				CLANG_CXX_LIBRARY = "libc++";
				CLANG_ENABLE_MODULES = YES;
				CLANG_ENABLE_OBJC_ARC = YES;
				CLANG_WARN_BOOL_CONVERSION = YES;
				CLANG_WARN_CONSTANT_CONVERSION = YES;
				CLANG_WARN_DIRECT_OBJC_ISA_USAGE = YES_ERROR;
				CLANG_WARN_EMPTY_BODY = YES;
				CLANG_WARN_ENUM_CONVERSION = YES;
				CLANG_WARN_INT_CONVERSION = YES;
				CLANG_WARN_OBJC_ROOT_CLASS = YES_ERROR;
				CLANG_WARN_UNREACHABLE_CODE = YES;
				CLANG_WARN__DUPLICATE_METHOD_MATCH = YES;
				"CODE_SIGN_IDENTITY[sdk=iphoneos*]" = "iPhone Developer";
				COPY_PHASE_STRIP = NO;
				DEBUG_INFORMATION_FORMAT = dwarf;
				ENABLE_STRICT_OBJC_MSGSEND = YES;
				ENABLE_TESTABILITY = YES;
				GCC_C_LANGUAGE_STANDARD = gnu99;
				GCC_DYNAMIC_NO_PIC = NO;
				GCC_NO_COMMON_BLOCKS = YES;
				GCC_OPTIMIZATION_LEVEL = 0;
				GCC_PREPROCESSOR_DEFINITIONS = (
					"DEBUG=1",
					"$(inherited)",
				);
				GCC_WARN_64_TO_32_BIT_CONVERSION = YES;
				GCC_WARN_ABOUT_RETURN_TYPE = YES_ERROR;
				GCC_WARN_UNDECLARED_SELECTOR = YES;
				GCC_WARN_UNINITIALIZED_AUTOS = YES_AGGRESSIVE;
				GCC_WARN_UNUSED_FUNCTION = YES;
				GCC_WARN_UNUSED_VARIABLE = YES;
				IPHONEOS_DEPLOYMENT_TARGET = 9.2;
				MTL_ENABLE_DEBUG_INFO = YES;
				ONLY_ACTIVE_ARCH = YES;
				SDKROOT = iphoneos;
				SWIFT_OPTIMIZATION_LEVEL = "-Onone";
				TARGETED_DEVICE_FAMILY = "1,2";
			};
			name = Debug;
		};
		09F17F0C1C21F15100464614 /* Release */ = {
			isa = XCBuildConfiguration;
			buildSettings = {
				ALWAYS_SEARCH_USER_PATHS = NO;
				CLANG_CXX_LANGUAGE_STANDARD = "gnu++0x";
				CLANG_CXX_LIBRARY = "libc++";
				CLANG_ENABLE_MODULES = YES;
				CLANG_ENABLE_OBJC_ARC = YES;
				CLANG_WARN_BOOL_CONVERSION = YES;
				CLANG_WARN_CONSTANT_CONVERSION = YES;
				CLANG_WARN_DIRECT_OBJC_ISA_USAGE = YES_ERROR;
				CLANG_WARN_EMPTY_BODY = YES;
				CLANG_WARN_ENUM_CONVERSION = YES;
				CLANG_WARN_INT_CONVERSION = YES;
				CLANG_WARN_OBJC_ROOT_CLASS = YES_ERROR;
				CLANG_WARN_UNREACHABLE_CODE = YES;
				CLANG_WARN__DUPLICATE_METHOD_MATCH = YES;
				"CODE_SIGN_IDENTITY[sdk=iphoneos*]" = "iPhone Developer";
				COPY_PHASE_STRIP = NO;
				DEBUG_INFORMATION_FORMAT = "dwarf-with-dsym";
				ENABLE_NS_ASSERTIONS = NO;
				ENABLE_STRICT_OBJC_MSGSEND = YES;
				GCC_C_LANGUAGE_STANDARD = gnu99;
				GCC_NO_COMMON_BLOCKS = YES;
				GCC_WARN_64_TO_32_BIT_CONVERSION = YES;
				GCC_WARN_ABOUT_RETURN_TYPE = YES_ERROR;
				GCC_WARN_UNDECLARED_SELECTOR = YES;
				GCC_WARN_UNINITIALIZED_AUTOS = YES_AGGRESSIVE;
				GCC_WARN_UNUSED_FUNCTION = YES;
				GCC_WARN_UNUSED_VARIABLE = YES;
				IPHONEOS_DEPLOYMENT_TARGET = 9.2;
				MTL_ENABLE_DEBUG_INFO = NO;
				SDKROOT = iphoneos;
				TARGETED_DEVICE_FAMILY = "1,2";
				VALIDATE_PRODUCT = YES;
			};
			name = Release;
		};
		09F17F0E1C21F15100464614 /* Debug */ = {
			isa = XCBuildConfiguration;
			buildSettings = {
				ASSETCATALOG_COMPILER_APPICON_NAME = AppIcon;
				FRAMEWORK_SEARCH_PATHS = (
					"$(inherited)",
					"$(PROJECT_DIR)",
				);
				INFOPLIST_FILE = "Instagram Clone v2/Info.plist";
				LD_RUNPATH_SEARCH_PATHS = "$(inherited) @executable_path/Frameworks";
				PRODUCT_BUNDLE_IDENTIFIER = "com.nuapps.jonathanmitchell.Instagram-Clone-v2";
				PRODUCT_NAME = "$(TARGET_NAME)";
			};
			name = Debug;
		};
		09F17F0F1C21F15100464614 /* Release */ = {
			isa = XCBuildConfiguration;
			buildSettings = {
				ASSETCATALOG_COMPILER_APPICON_NAME = AppIcon;
				FRAMEWORK_SEARCH_PATHS = (
					"$(inherited)",
					"$(PROJECT_DIR)",
				);
				INFOPLIST_FILE = "Instagram Clone v2/Info.plist";
				LD_RUNPATH_SEARCH_PATHS = "$(inherited) @executable_path/Frameworks";
				PRODUCT_BUNDLE_IDENTIFIER = "com.nuapps.jonathanmitchell.Instagram-Clone-v2";
				PRODUCT_NAME = "$(TARGET_NAME)";
			};
			name = Release;
		};
/* End XCBuildConfiguration section */

/* Begin XCConfigurationList section */
		09F17EF31C21F15100464614 /* Build configuration list for PBXProject "Instagram Clone v2" */ = {
			isa = XCConfigurationList;
			buildConfigurations = (
				09F17F0B1C21F15100464614 /* Debug */,
				09F17F0C1C21F15100464614 /* Release */,
			);
			defaultConfigurationIsVisible = 0;
			defaultConfigurationName = Release;
		};
		09F17F0D1C21F15100464614 /* Build configuration list for PBXNativeTarget "Instagram Clone v2" */ = {
			isa = XCConfigurationList;
			buildConfigurations = (
				09F17F0E1C21F15100464614 /* Debug */,
				09F17F0F1C21F15100464614 /* Release */,
			);
			defaultConfigurationIsVisible = 0;
		};
/* End XCConfigurationList section */

/* Begin XCVersionGroup section */
		09F17F021C21F15100464614 /* Instagram_Clone_v2.xcdatamodeld */ = {
			isa = XCVersionGroup;
			children = (
				09F17F031C21F15100464614 /* Instagram_Clone_v2.xcdatamodel */,
			);
			currentVersion = 09F17F031C21F15100464614 /* Instagram_Clone_v2.xcdatamodel */;
			path = Instagram_Clone_v2.xcdatamodeld;
			sourceTree = "<group>";
			versionGroupType = wrapper.xcdatamodel;
		};
/* End XCVersionGroup section */
	};
	rootObject = 09F17EF01C21F15100464614 /* Project object */;
}
